// !$*UTF8*$!
{
	archiveVersion = 1;
	classes = {
	};
	objectVersion = 46;
	objects = {

/* Begin PBXBuildFile section */
		B1260E881D3627D6005B68F4 /* LYMainTableViewCell.m in Sources */ = {isa = PBXBuildFile; fileRef = B1260E861D3627D6005B68F4 /* LYMainTableViewCell.m */; };
		B1260E891D3627D6005B68F4 /* LYMainTableViewCell.xib in Resources */ = {isa = PBXBuildFile; fileRef = B1260E871D3627D6005B68F4 /* LYMainTableViewCell.xib */; };
		B1260E8E1D3639DB005B68F4 /* main_address@2x.png in Resources */ = {isa = PBXBuildFile; fileRef = B1260E8C1D3639DB005B68F4 /* main_address@2x.png */; };
		B1260E8F1D3639DB005B68F4 /* main_address@3x.png in Resources */ = {isa = PBXBuildFile; fileRef = B1260E8D1D3639DB005B68F4 /* main_address@3x.png */; };
		B1260E961D363C3C005B68F4 /* main_ appraise.png in Resources */ = {isa = PBXBuildFile; fileRef = B1260E901D363C3C005B68F4 /* main_ appraise.png */; };
		B1260E971D363C3C005B68F4 /* main_ appraise@2x.png in Resources */ = {isa = PBXBuildFile; fileRef = B1260E911D363C3C005B68F4 /* main_ appraise@2x.png */; };
		B1260E981D363C3C005B68F4 /* main_ appraise@3x.png in Resources */ = {isa = PBXBuildFile; fileRef = B1260E921D363C3C005B68F4 /* main_ appraise@3x.png */; };
		B1260E991D363C3C005B68F4 /* main_zan.png in Resources */ = {isa = PBXBuildFile; fileRef = B1260E931D363C3C005B68F4 /* main_zan.png */; };
		B1260E9A1D363C3C005B68F4 /* main_zan@2x.png in Resources */ = {isa = PBXBuildFile; fileRef = B1260E941D363C3C005B68F4 /* main_zan@2x.png */; };
		B1260E9B1D363C3C005B68F4 /* main_zan@3x.png in Resources */ = {isa = PBXBuildFile; fileRef = B1260E951D363C3C005B68F4 /* main_zan@3x.png */; };
		B1260E9E1D364479005B68F4 /* LYMainViewHeightManager.m in Sources */ = {isa = PBXBuildFile; fileRef = B1260E9D1D364479005B68F4 /* LYMainViewHeightManager.m */; };
		B15A11811D34CA6400067AB3 /* main.m in Sources */ = {isa = PBXBuildFile; fileRef = B15A11801D34CA6400067AB3 /* main.m */; };
		B15A11841D34CA6400067AB3 /* AppDelegate.m in Sources */ = {isa = PBXBuildFile; fileRef = B15A11831D34CA6400067AB3 /* AppDelegate.m */; };
		B15A118A1D34CA6400067AB3 /* Main.storyboard in Resources */ = {isa = PBXBuildFile; fileRef = B15A11881D34CA6400067AB3 /* Main.storyboard */; };
		B15A118C1D34CA6400067AB3 /* Assets.xcassets in Resources */ = {isa = PBXBuildFile; fileRef = B15A118B1D34CA6400067AB3 /* Assets.xcassets */; };
		B15A119A1D34CA6400067AB3 /* FriendsCircleTestTests.m in Sources */ = {isa = PBXBuildFile; fileRef = B15A11991D34CA6400067AB3 /* FriendsCircleTestTests.m */; };
		B15A11AC1D34DEBB00067AB3 /* LYBaseController.m in Sources */ = {isa = PBXBuildFile; fileRef = B15A11AB1D34DEBB00067AB3 /* LYBaseController.m */; };
		B15A11AF1D34DF8B00067AB3 /* LYMainController.m in Sources */ = {isa = PBXBuildFile; fileRef = B15A11AE1D34DF8B00067AB3 /* LYMainController.m */; };
		B15A11B21D34E2F600067AB3 /* LYBaseTableController.m in Sources */ = {isa = PBXBuildFile; fileRef = B15A11B11D34E2F600067AB3 /* LYBaseTableController.m */; };
		B15A11B51D34F19100067AB3 /* main_test.jpg in Resources */ = {isa = PBXBuildFile; fileRef = B15A11B41D34F19100067AB3 /* main_test.jpg */; };
		B15A11BA1D34F2C600067AB3 /* UIViewExt.m in Sources */ = {isa = PBXBuildFile; fileRef = B15A11B91D34F2C600067AB3 /* UIViewExt.m */; };
		B17857AD1D377E5700CD28D3 /* LYFriendDynamicModel.m in Sources */ = {isa = PBXBuildFile; fileRef = B17857AC1D377E5700CD28D3 /* LYFriendDynamicModel.m */; };
		B17857B01D378E2E00CD28D3 /* NSString+Category.m in Sources */ = {isa = PBXBuildFile; fileRef = B17857AF1D378E2E00CD28D3 /* NSString+Category.m */; };
		B1CDF0841D62FF0E005D9BCC /* LYZanListView.m in Sources */ = {isa = PBXBuildFile; fileRef = B1CDF0831D62FF0E005D9BCC /* LYZanListView.m */; };
		B1CDF0871D62FF21005D9BCC /* HYCollectViewAlignedLayout.m in Sources */ = {isa = PBXBuildFile; fileRef = B1CDF0861D62FF21005D9BCC /* HYCollectViewAlignedLayout.m */; };
		B1F39FCB1D630B9D004565F1 /* LYAppraiseListTableCell.m in Sources */ = {isa = PBXBuildFile; fileRef = B1F39FC91D630B9D004565F1 /* LYAppraiseListTableCell.m */; };
		B1F39FCC1D630B9D004565F1 /* LYAppraiseListTableCell.xib in Resources */ = {isa = PBXBuildFile; fileRef = B1F39FCA1D630B9D004565F1 /* LYAppraiseListTableCell.xib */; };
		B1F39FCF1D631390004565F1 /* LYAppraiseModel.m in Sources */ = {isa = PBXBuildFile; fileRef = B1F39FCE1D631390004565F1 /* LYAppraiseModel.m */; };
/* End PBXBuildFile section */

/* Begin PBXContainerItemProxy section */
		B15A11961D34CA6400067AB3 /* PBXContainerItemProxy */ = {
			isa = PBXContainerItemProxy;
			containerPortal = B15A11741D34CA6400067AB3 /* Project object */;
			proxyType = 1;
			remoteGlobalIDString = B15A117B1D34CA6400067AB3;
			remoteInfo = FriendsCircleTest;
		};
/* End PBXContainerItemProxy section */

/* Begin PBXFileReference section */
		B1260E851D3627D6005B68F4 /* LYMainTableViewCell.h */ = {isa = PBXFileReference; fileEncoding = 4; lastKnownFileType = sourcecode.c.h; path = LYMainTableViewCell.h; sourceTree = "<group>"; };
		B1260E861D3627D6005B68F4 /* LYMainTableViewCell.m */ = {isa = PBXFileReference; fileEncoding = 4; lastKnownFileType = sourcecode.c.objc; path = LYMainTableViewCell.m; sourceTree = "<group>"; };
		B1260E871D3627D6005B68F4 /* LYMainTableViewCell.xib */ = {isa = PBXFileReference; fileEncoding = 4; lastKnownFileType = file.xib; path = LYMainTableViewCell.xib; sourceTree = "<group>"; };
		B1260E8B1D3632D6005B68F4 /* LQMacro.h */ = {isa = PBXFileReference; fileEncoding = 4; lastKnownFileType = sourcecode.c.h; path = LQMacro.h; sourceTree = "<group>"; };
		B1260E8C1D3639DB005B68F4 /* main_address@2x.png */ = {isa = PBXFileReference; lastKnownFileType = image.png; path = "main_address@2x.png"; sourceTree = "<group>"; };
		B1260E8D1D3639DB005B68F4 /* main_address@3x.png */ = {isa = PBXFileReference; lastKnownFileType = image.png; path = "main_address@3x.png"; sourceTree = "<group>"; };
		B1260E901D363C3C005B68F4 /* main_ appraise.png */ = {isa = PBXFileReference; lastKnownFileType = image.png; path = "main_ appraise.png"; sourceTree = "<group>"; };
		B1260E911D363C3C005B68F4 /* main_ appraise@2x.png */ = {isa = PBXFileReference; lastKnownFileType = image.png; path = "main_ appraise@2x.png"; sourceTree = "<group>"; };
		B1260E921D363C3C005B68F4 /* main_ appraise@3x.png */ = {isa = PBXFileReference; lastKnownFileType = image.png; path = "main_ appraise@3x.png"; sourceTree = "<group>"; };
		B1260E931D363C3C005B68F4 /* main_zan.png */ = {isa = PBXFileReference; lastKnownFileType = image.png; path = main_zan.png; sourceTree = "<group>"; };
		B1260E941D363C3C005B68F4 /* main_zan@2x.png */ = {isa = PBXFileReference; lastKnownFileType = image.png; path = "main_zan@2x.png"; sourceTree = "<group>"; };
		B1260E951D363C3C005B68F4 /* main_zan@3x.png */ = {isa = PBXFileReference; lastKnownFileType = image.png; path = "main_zan@3x.png"; sourceTree = "<group>"; };
		B1260E9C1D364479005B68F4 /* LYMainViewHeightManager.h */ = {isa = PBXFileReference; fileEncoding = 4; lastKnownFileType = sourcecode.c.h; path = LYMainViewHeightManager.h; sourceTree = "<group>"; };
		B1260E9D1D364479005B68F4 /* LYMainViewHeightManager.m */ = {isa = PBXFileReference; fileEncoding = 4; lastKnownFileType = sourcecode.c.objc; path = LYMainViewHeightManager.m; sourceTree = "<group>"; };
		B15A117C1D34CA6400067AB3 /* FriendsCircleTest.app */ = {isa = PBXFileReference; explicitFileType = wrapper.application; includeInIndex = 0; path = FriendsCircleTest.app; sourceTree = BUILT_PRODUCTS_DIR; };
		B15A11801D34CA6400067AB3 /* main.m */ = {isa = PBXFileReference; lastKnownFileType = sourcecode.c.objc; path = main.m; sourceTree = "<group>"; };
		B15A11821D34CA6400067AB3 /* AppDelegate.h */ = {isa = PBXFileReference; lastKnownFileType = sourcecode.c.h; path = AppDelegate.h; sourceTree = "<group>"; };
		B15A11831D34CA6400067AB3 /* AppDelegate.m */ = {isa = PBXFileReference; lastKnownFileType = sourcecode.c.objc; path = AppDelegate.m; sourceTree = "<group>"; };
		B15A11891D34CA6400067AB3 /* Base */ = {isa = PBXFileReference; lastKnownFileType = file.storyboard; name = Base; path = Base.lproj/Main.storyboard; sourceTree = "<group>"; };
		B15A118B1D34CA6400067AB3 /* Assets.xcassets */ = {isa = PBXFileReference; lastKnownFileType = folder.assetcatalog; path = Assets.xcassets; sourceTree = "<group>"; };
		B15A11901D34CA6400067AB3 /* Info.plist */ = {isa = PBXFileReference; lastKnownFileType = text.plist.xml; path = Info.plist; sourceTree = "<group>"; };
		B15A11951D34CA6400067AB3 /* FriendsCircleTestTests.xctest */ = {isa = PBXFileReference; explicitFileType = wrapper.cfbundle; includeInIndex = 0; path = FriendsCircleTestTests.xctest; sourceTree = BUILT_PRODUCTS_DIR; };
		B15A11991D34CA6400067AB3 /* FriendsCircleTestTests.m */ = {isa = PBXFileReference; lastKnownFileType = sourcecode.c.objc; path = FriendsCircleTestTests.m; sourceTree = "<group>"; };
		B15A119B1D34CA6400067AB3 /* Info.plist */ = {isa = PBXFileReference; lastKnownFileType = text.plist.xml; path = Info.plist; sourceTree = "<group>"; };
		B15A11AA1D34DEBB00067AB3 /* LYBaseController.h */ = {isa = PBXFileReference; fileEncoding = 4; lastKnownFileType = sourcecode.c.h; path = LYBaseController.h; sourceTree = "<group>"; };
		B15A11AB1D34DEBB00067AB3 /* LYBaseController.m */ = {isa = PBXFileReference; fileEncoding = 4; lastKnownFileType = sourcecode.c.objc; path = LYBaseController.m; sourceTree = "<group>"; };
		B15A11AD1D34DF8B00067AB3 /* LYMainController.h */ = {isa = PBXFileReference; fileEncoding = 4; lastKnownFileType = sourcecode.c.h; path = LYMainController.h; sourceTree = "<group>"; };
		B15A11AE1D34DF8B00067AB3 /* LYMainController.m */ = {isa = PBXFileReference; fileEncoding = 4; lastKnownFileType = sourcecode.c.objc; path = LYMainController.m; sourceTree = "<group>"; };
		B15A11B01D34E2F600067AB3 /* LYBaseTableController.h */ = {isa = PBXFileReference; fileEncoding = 4; lastKnownFileType = sourcecode.c.h; path = LYBaseTableController.h; sourceTree = "<group>"; };
		B15A11B11D34E2F600067AB3 /* LYBaseTableController.m */ = {isa = PBXFileReference; fileEncoding = 4; lastKnownFileType = sourcecode.c.objc; path = LYBaseTableController.m; sourceTree = "<group>"; };
		B15A11B41D34F19100067AB3 /* main_test.jpg */ = {isa = PBXFileReference; lastKnownFileType = image.jpeg; path = main_test.jpg; sourceTree = "<group>"; };
		B15A11B81D34F2C600067AB3 /* UIViewExt.h */ = {isa = PBXFileReference; fileEncoding = 4; lastKnownFileType = sourcecode.c.h; path = UIViewExt.h; sourceTree = "<group>"; };
		B15A11B91D34F2C600067AB3 /* UIViewExt.m */ = {isa = PBXFileReference; fileEncoding = 4; lastKnownFileType = sourcecode.c.objc; path = UIViewExt.m; sourceTree = "<group>"; };
		B15A11BB1D34F32200067AB3 /* FriendsCirclePrefixHeader.pch */ = {isa = PBXFileReference; lastKnownFileType = sourcecode.c.h; path = FriendsCirclePrefixHeader.pch; sourceTree = "<group>"; };
		B17857AB1D377E5700CD28D3 /* LYFriendDynamicModel.h */ = {isa = PBXFileReference; fileEncoding = 4; lastKnownFileType = sourcecode.c.h; path = LYFriendDynamicModel.h; sourceTree = "<group>"; };
		B17857AC1D377E5700CD28D3 /* LYFriendDynamicModel.m */ = {isa = PBXFileReference; fileEncoding = 4; lastKnownFileType = sourcecode.c.objc; path = LYFriendDynamicModel.m; sourceTree = "<group>"; };
		B17857AE1D378E2E00CD28D3 /* NSString+Category.h */ = {isa = PBXFileReference; fileEncoding = 4; lastKnownFileType = sourcecode.c.h; path = "NSString+Category.h"; sourceTree = "<group>"; };
		B17857AF1D378E2E00CD28D3 /* NSString+Category.m */ = {isa = PBXFileReference; fileEncoding = 4; lastKnownFileType = sourcecode.c.objc; path = "NSString+Category.m"; sourceTree = "<group>"; };
		B1CDF0821D62FF0E005D9BCC /* LYZanListView.h */ = {isa = PBXFileReference; fileEncoding = 4; lastKnownFileType = sourcecode.c.h; path = LYZanListView.h; sourceTree = "<group>"; };
		B1CDF0831D62FF0E005D9BCC /* LYZanListView.m */ = {isa = PBXFileReference; fileEncoding = 4; lastKnownFileType = sourcecode.c.objc; path = LYZanListView.m; sourceTree = "<group>"; };
		B1CDF0851D62FF21005D9BCC /* HYCollectViewAlignedLayout.h */ = {isa = PBXFileReference; fileEncoding = 4; lastKnownFileType = sourcecode.c.h; path = HYCollectViewAlignedLayout.h; sourceTree = "<group>"; };
		B1CDF0861D62FF21005D9BCC /* HYCollectViewAlignedLayout.m */ = {isa = PBXFileReference; fileEncoding = 4; lastKnownFileType = sourcecode.c.objc; path = HYCollectViewAlignedLayout.m; sourceTree = "<group>"; };
		B1F39FC81D630B9D004565F1 /* LYAppraiseListTableCell.h */ = {isa = PBXFileReference; fileEncoding = 4; lastKnownFileType = sourcecode.c.h; path = LYAppraiseListTableCell.h; sourceTree = "<group>"; };
		B1F39FC91D630B9D004565F1 /* LYAppraiseListTableCell.m */ = {isa = PBXFileReference; fileEncoding = 4; lastKnownFileType = sourcecode.c.objc; path = LYAppraiseListTableCell.m; sourceTree = "<group>"; };
		B1F39FCA1D630B9D004565F1 /* LYAppraiseListTableCell.xib */ = {isa = PBXFileReference; fileEncoding = 4; lastKnownFileType = file.xib; path = LYAppraiseListTableCell.xib; sourceTree = "<group>"; };
		B1F39FCD1D631390004565F1 /* LYAppraiseModel.h */ = {isa = PBXFileReference; fileEncoding = 4; lastKnownFileType = sourcecode.c.h; path = LYAppraiseModel.h; sourceTree = "<group>"; };
		B1F39FCE1D631390004565F1 /* LYAppraiseModel.m */ = {isa = PBXFileReference; fileEncoding = 4; lastKnownFileType = sourcecode.c.objc; path = LYAppraiseModel.m; sourceTree = "<group>"; };
/* End PBXFileReference section */

/* Begin PBXFrameworksBuildPhase section */
		B15A11791D34CA6400067AB3 /* Frameworks */ = {
			isa = PBXFrameworksBuildPhase;
			buildActionMask = 2147483647;
			files = (
			);
			runOnlyForDeploymentPostprocessing = 0;
		};
		B15A11921D34CA6400067AB3 /* Frameworks */ = {
			isa = PBXFrameworksBuildPhase;
			buildActionMask = 2147483647;
			files = (
			);
			runOnlyForDeploymentPostprocessing = 0;
		};
/* End PBXFrameworksBuildPhase section */

/* Begin PBXGroup section */
		B1260E8A1D3632D6005B68F4 /* Macro */ = {
			isa = PBXGroup;
			children = (
				B1260E8B1D3632D6005B68F4 /* LQMacro.h */,
			);
			path = Macro;
			sourceTree = "<group>";
		};
		B15A11731D34CA6400067AB3 = {
			isa = PBXGroup;
			children = (
				B15A117E1D34CA6400067AB3 /* FriendsCircleTest */,
				B15A11981D34CA6400067AB3 /* FriendsCircleTestTests */,
				B15A117D1D34CA6400067AB3 /* Products */,
			);
			sourceTree = "<group>";
		};
		B15A117D1D34CA6400067AB3 /* Products */ = {
			isa = PBXGroup;
			children = (
				B15A117C1D34CA6400067AB3 /* FriendsCircleTest.app */,
				B15A11951D34CA6400067AB3 /* FriendsCircleTestTests.xctest */,
			);
			name = Products;
			sourceTree = "<group>";
		};
		B15A117E1D34CA6400067AB3 /* FriendsCircleTest */ = {
			isa = PBXGroup;
			children = (
				B15A11B61D34F22300067AB3 /* Utils */,
				B15A11B31D34F15300067AB3 /* Resource */,
				B15A11A81D34DE9100067AB3 /* Framworks */,
				B15A11A41D34DD1A00067AB3 /* Managers */,
				B15A11A51D34DD1A00067AB3 /* Models */,
				B15A11A61D34DD1A00067AB3 /* ViewControllers */,
				B15A11A71D34DD1A00067AB3 /* Views */,
				B15A11821D34CA6400067AB3 /* AppDelegate.h */,
				B15A11831D34CA6400067AB3 /* AppDelegate.m */,
				B15A11BB1D34F32200067AB3 /* FriendsCirclePrefixHeader.pch */,
				B15A11881D34CA6400067AB3 /* Main.storyboard */,
				B15A118B1D34CA6400067AB3 /* Assets.xcassets */,
				B15A11901D34CA6400067AB3 /* Info.plist */,
				B15A117F1D34CA6400067AB3 /* Supporting Files */,
			);
			path = FriendsCircleTest;
			sourceTree = "<group>";
		};
		B15A117F1D34CA6400067AB3 /* Supporting Files */ = {
			isa = PBXGroup;
			children = (
				B15A11801D34CA6400067AB3 /* main.m */,
			);
			name = "Supporting Files";
			sourceTree = "<group>";
		};
		B15A11981D34CA6400067AB3 /* FriendsCircleTestTests */ = {
			isa = PBXGroup;
			children = (
				B15A11991D34CA6400067AB3 /* FriendsCircleTestTests.m */,
				B15A119B1D34CA6400067AB3 /* Info.plist */,
			);
			path = FriendsCircleTestTests;
			sourceTree = "<group>";
		};
		B15A11A41D34DD1A00067AB3 /* Managers */ = {
			isa = PBXGroup;
			children = (
				B1260E9C1D364479005B68F4 /* LYMainViewHeightManager.h */,
				B1260E9D1D364479005B68F4 /* LYMainViewHeightManager.m */,
			);
			path = Managers;
			sourceTree = "<group>";
		};
		B15A11A51D34DD1A00067AB3 /* Models */ = {
			isa = PBXGroup;
			children = (
				B17857AB1D377E5700CD28D3 /* LYFriendDynamicModel.h */,
				B17857AC1D377E5700CD28D3 /* LYFriendDynamicModel.m */,
				B1F39FCD1D631390004565F1 /* LYAppraiseModel.h */,
				B1F39FCE1D631390004565F1 /* LYAppraiseModel.m */,
			);
			path = Models;
			sourceTree = "<group>";
		};
		B15A11A61D34DD1A00067AB3 /* ViewControllers */ = {
			isa = PBXGroup;
			children = (
				B15A11AD1D34DF8B00067AB3 /* LYMainController.h */,
				B15A11AE1D34DF8B00067AB3 /* LYMainController.m */,
			);
			path = ViewControllers;
			sourceTree = "<group>";
		};
		B15A11A71D34DD1A00067AB3 /* Views */ = {
			isa = PBXGroup;
			children = (
				B1CDF0811D62FF0E005D9BCC /* ZanList */,
				B1F39FC71D630B67004565F1 /* AppraiseList */,
				B1260E851D3627D6005B68F4 /* LYMainTableViewCell.h */,
				B1260E861D3627D6005B68F4 /* LYMainTableViewCell.m */,
				B1260E871D3627D6005B68F4 /* LYMainTableViewCell.xib */,
			);
			path = Views;
			sourceTree = "<group>";
		};
		B15A11A81D34DE9100067AB3 /* Framworks */ = {
			isa = PBXGroup;
			children = (
				B15A11A91D34DE9100067AB3 /* Base */,
			);
			path = Framworks;
			sourceTree = "<group>";
		};
		B15A11A91D34DE9100067AB3 /* Base */ = {
			isa = PBXGroup;
			children = (
				B15A11AA1D34DEBB00067AB3 /* LYBaseController.h */,
				B15A11AB1D34DEBB00067AB3 /* LYBaseController.m */,
				B15A11B01D34E2F600067AB3 /* LYBaseTableController.h */,
				B15A11B11D34E2F600067AB3 /* LYBaseTableController.m */,
			);
			path = Base;
			sourceTree = "<group>";
		};
		B15A11B31D34F15300067AB3 /* Resource */ = {
			isa = PBXGroup;
			children = (
				B1260E901D363C3C005B68F4 /* main_ appraise.png */,
				B1260E911D363C3C005B68F4 /* main_ appraise@2x.png */,
				B1260E921D363C3C005B68F4 /* main_ appraise@3x.png */,
				B1260E931D363C3C005B68F4 /* main_zan.png */,
				B1260E941D363C3C005B68F4 /* main_zan@2x.png */,
				B1260E951D363C3C005B68F4 /* main_zan@3x.png */,
				B1260E8C1D3639DB005B68F4 /* main_address@2x.png */,
				B1260E8D1D3639DB005B68F4 /* main_address@3x.png */,
				B15A11B41D34F19100067AB3 /* main_test.jpg */,
			);
			path = Resource;
			sourceTree = "<group>";
		};
		B15A11B61D34F22300067AB3 /* Utils */ = {
			isa = PBXGroup;
			children = (
				B1260E8A1D3632D6005B68F4 /* Macro */,
				B15A11B71D34F2C600067AB3 /* Categories */,
			);
			path = Utils;
			sourceTree = "<group>";
		};
		B15A11B71D34F2C600067AB3 /* Categories */ = {
			isa = PBXGroup;
			children = (
				B17857AE1D378E2E00CD28D3 /* NSString+Category.h */,
				B17857AF1D378E2E00CD28D3 /* NSString+Category.m */,
				B15A11B81D34F2C600067AB3 /* UIViewExt.h */,
				B15A11B91D34F2C600067AB3 /* UIViewExt.m */,
			);
			path = Categories;
			sourceTree = "<group>";
		};
		B1CDF0811D62FF0E005D9BCC /* ZanList */ = {
			isa = PBXGroup;
			children = (
				B1CDF0851D62FF21005D9BCC /* HYCollectViewAlignedLayout.h */,
				B1CDF0861D62FF21005D9BCC /* HYCollectViewAlignedLayout.m */,
				B1CDF0821D62FF0E005D9BCC /* LYZanListView.h */,
				B1CDF0831D62FF0E005D9BCC /* LYZanListView.m */,
			);
			path = ZanList;
			sourceTree = "<group>";
		};
		B1F39FC71D630B67004565F1 /* AppraiseList */ = {
			isa = PBXGroup;
			children = (
				B1F39FC81D630B9D004565F1 /* LYAppraiseListTableCell.h */,
				B1F39FC91D630B9D004565F1 /* LYAppraiseListTableCell.m */,
				B1F39FCA1D630B9D004565F1 /* LYAppraiseListTableCell.xib */,
			);
			path = AppraiseList;
			sourceTree = "<group>";
		};
/* End PBXGroup section */

/* Begin PBXNativeTarget section */
		B15A117B1D34CA6400067AB3 /* FriendsCircleTest */ = {
			isa = PBXNativeTarget;
			buildConfigurationList = B15A119E1D34CA6400067AB3 /* Build configuration list for PBXNativeTarget "FriendsCircleTest" */;
			buildPhases = (
				B15A11781D34CA6400067AB3 /* Sources */,
				B15A11791D34CA6400067AB3 /* Frameworks */,
				B15A117A1D34CA6400067AB3 /* Resources */,
			);
			buildRules = (
			);
			dependencies = (
			);
			name = FriendsCircleTest;
			productName = FriendsCircleTest;
			productReference = B15A117C1D34CA6400067AB3 /* FriendsCircleTest.app */;
			productType = "com.apple.product-type.application";
		};
		B15A11941D34CA6400067AB3 /* FriendsCircleTestTests */ = {
			isa = PBXNativeTarget;
			buildConfigurationList = B15A11A11D34CA6400067AB3 /* Build configuration list for PBXNativeTarget "FriendsCircleTestTests" */;
			buildPhases = (
				B15A11911D34CA6400067AB3 /* Sources */,
				B15A11921D34CA6400067AB3 /* Frameworks */,
				B15A11931D34CA6400067AB3 /* Resources */,
			);
			buildRules = (
			);
			dependencies = (
				B15A11971D34CA6400067AB3 /* PBXTargetDependency */,
			);
			name = FriendsCircleTestTests;
			productName = FriendsCircleTestTests;
			productReference = B15A11951D34CA6400067AB3 /* FriendsCircleTestTests.xctest */;
			productType = "com.apple.product-type.bundle.unit-test";
		};
/* End PBXNativeTarget section */

/* Begin PBXProject section */
		B15A11741D34CA6400067AB3 /* Project object */ = {
			isa = PBXProject;
			attributes = {
				LastUpgradeCheck = 0730;
				ORGANIZATIONNAME = "李勇";
				TargetAttributes = {
					B15A117B1D34CA6400067AB3 = {
						CreatedOnToolsVersion = 7.3.1;
					};
					B15A11941D34CA6400067AB3 = {
						CreatedOnToolsVersion = 7.3.1;
						TestTargetID = B15A117B1D34CA6400067AB3;
					};
				};
			};
			buildConfigurationList = B15A11771D34CA6400067AB3 /* Build configuration list for PBXProject "FriendsCircleTest" */;
			compatibilityVersion = "Xcode 3.2";
			developmentRegion = English;
			hasScannedForEncodings = 0;
			knownRegions = (
				en,
				Base,
			);
			mainGroup = B15A11731D34CA6400067AB3;
			productRefGroup = B15A117D1D34CA6400067AB3 /* Products */;
			projectDirPath = "";
			projectRoot = "";
			targets = (
				B15A117B1D34CA6400067AB3 /* FriendsCircleTest */,
				B15A11941D34CA6400067AB3 /* FriendsCircleTestTests */,
			);
		};
/* End PBXProject section */

/* Begin PBXResourcesBuildPhase section */
		B15A117A1D34CA6400067AB3 /* Resources */ = {
			isa = PBXResourcesBuildPhase;
			buildActionMask = 2147483647;
			files = (
				B1F39FCC1D630B9D004565F1 /* LYAppraiseListTableCell.xib in Resources */,
				B15A11B51D34F19100067AB3 /* main_test.jpg in Resources */,
				B1260E8E1D3639DB005B68F4 /* main_address@2x.png in Resources */,
				B1260E9B1D363C3C005B68F4 /* main_zan@3x.png in Resources */,
				B1260E891D3627D6005B68F4 /* LYMainTableViewCell.xib in Resources */,
				B1260E971D363C3C005B68F4 /* main_ appraise@2x.png in Resources */,
				B1260E8F1D3639DB005B68F4 /* main_address@3x.png in Resources */,
				B15A118C1D34CA6400067AB3 /* Assets.xcassets in Resources */,
				B1260E981D363C3C005B68F4 /* main_ appraise@3x.png in Resources */,
				B1260E9A1D363C3C005B68F4 /* main_zan@2x.png in Resources */,
				B15A118A1D34CA6400067AB3 /* Main.storyboard in Resources */,
				B1260E991D363C3C005B68F4 /* main_zan.png in Resources */,
				B1260E961D363C3C005B68F4 /* main_ appraise.png in Resources */,
			);
			runOnlyForDeploymentPostprocessing = 0;
		};
		B15A11931D34CA6400067AB3 /* Resources */ = {
			isa = PBXResourcesBuildPhase;
			buildActionMask = 2147483647;
			files = (
			);
			runOnlyForDeploymentPostprocessing = 0;
		};
/* End PBXResourcesBuildPhase section */

/* Begin PBXSourcesBuildPhase section */
		B15A11781D34CA6400067AB3 /* Sources */ = {
			isa = PBXSourcesBuildPhase;
			buildActionMask = 2147483647;
			files = (
				B15A11841D34CA6400067AB3 /* AppDelegate.m in Sources */,
				B15A11B21D34E2F600067AB3 /* LYBaseTableController.m in Sources */,
				B1CDF0841D62FF0E005D9BCC /* LYZanListView.m in Sources */,
				B17857AD1D377E5700CD28D3 /* LYFriendDynamicModel.m in Sources */,
				B17857B01D378E2E00CD28D3 /* NSString+Category.m in Sources */,
				B1260E881D3627D6005B68F4 /* LYMainTableViewCell.m in Sources */,
				B15A11AC1D34DEBB00067AB3 /* LYBaseController.m in Sources */,
				B1F39FCF1D631390004565F1 /* LYAppraiseModel.m in Sources */,
				B1CDF0871D62FF21005D9BCC /* HYCollectViewAlignedLayout.m in Sources */,
				B1F39FCB1D630B9D004565F1 /* LYAppraiseListTableCell.m in Sources */,
				B15A11811D34CA6400067AB3 /* main.m in Sources */,
				B1260E9E1D364479005B68F4 /* LYMainViewHeightManager.m in Sources */,
				B15A11BA1D34F2C600067AB3 /* UIViewExt.m in Sources */,
				B15A11AF1D34DF8B00067AB3 /* LYMainController.m in Sources */,
			);
			runOnlyForDeploymentPostprocessing = 0;
		};
		B15A11911D34CA6400067AB3 /* Sources */ = {
			isa = PBXSourcesBuildPhase;
			buildActionMask = 2147483647;
			files = (
				B15A119A1D34CA6400067AB3 /* FriendsCircleTestTests.m in Sources */,
			);
			runOnlyForDeploymentPostprocessing = 0;
		};
/* End PBXSourcesBuildPhase section */

/* Begin PBXTargetDependency section */
		B15A11971D34CA6400067AB3 /* PBXTargetDependency */ = {
			isa = PBXTargetDependency;
			target = B15A117B1D34CA6400067AB3 /* FriendsCircleTest */;
			targetProxy = B15A11961D34CA6400067AB3 /* PBXContainerItemProxy */;
		};
/* End PBXTargetDependency section */

/* Begin PBXVariantGroup section */
		B15A11881D34CA6400067AB3 /* Main.storyboard */ = {
			isa = PBXVariantGroup;
			children = (
				B15A11891D34CA6400067AB3 /* Base */,
			);
			name = Main.storyboard;
			sourceTree = "<group>";
		};
/* End PBXVariantGroup section */

/* Begin XCBuildConfiguration section */
		B15A119C1D34CA6400067AB3 /* Debug */ = {
			isa = XCBuildConfiguration;
			buildSettings = {
				ALWAYS_SEARCH_USER_PATHS = NO;
				CLANG_ANALYZER_NONNULL = YES;
				CLANG_CXX_LANGUAGE_STANDARD = "gnu++0x";
				CLANG_CXX_LIBRARY = "libc++";
				CLANG_ENABLE_MODULES = YES;
				CLANG_ENABLE_OBJC_ARC = YES;
				CLANG_WARN_BOOL_CONVERSION = YES;
				CLANG_WARN_CONSTANT_CONVERSION = YES;
				CLANG_WARN_DIRECT_OBJC_ISA_USAGE = YES_ERROR;
				CLANG_WARN_EMPTY_BODY = YES;
				CLANG_WARN_ENUM_CONVERSION = YES;
				CLANG_WARN_INT_CONVERSION = YES;
				CLANG_WARN_OBJC_ROOT_CLASS = YES_ERROR;
				CLANG_WARN_UNREACHABLE_CODE = YES;
				CLANG_WARN__DUPLICATE_METHOD_MATCH = YES;
				"CODE_SIGN_IDENTITY[sdk=iphoneos*]" = "iPhone Developer";
				COPY_PHASE_STRIP = NO;
				DEBUG_INFORMATION_FORMAT = dwarf;
				ENABLE_STRICT_OBJC_MSGSEND = YES;
				ENABLE_TESTABILITY = YES;
				GCC_C_LANGUAGE_STANDARD = gnu99;
				GCC_DYNAMIC_NO_PIC = NO;
				GCC_NO_COMMON_BLOCKS = YES;
				GCC_OPTIMIZATION_LEVEL = 0;
				GCC_PREPROCESSOR_DEFINITIONS = (
					"DEBUG=1",
					"$(inherited)",
				);
				GCC_WARN_64_TO_32_BIT_CONVERSION = YES;
				GCC_WARN_ABOUT_RETURN_TYPE = YES_ERROR;
				GCC_WARN_UNDECLARED_SELECTOR = YES;
				GCC_WARN_UNINITIALIZED_AUTOS = YES_AGGRESSIVE;
				GCC_WARN_UNUSED_FUNCTION = YES;
				GCC_WARN_UNUSED_VARIABLE = YES;
				IPHONEOS_DEPLOYMENT_TARGET = 9.3;
				MTL_ENABLE_DEBUG_INFO = YES;
				ONLY_ACTIVE_ARCH = YES;
				SDKROOT = iphoneos;
			};
			name = Debug;
		};
		B15A119D1D34CA6400067AB3 /* Release */ = {
			isa = XCBuildConfiguration;
			buildSettings = {
				ALWAYS_SEARCH_USER_PATHS = NO;
				CLANG_ANALYZER_NONNULL = YES;
				CLANG_CXX_LANGUAGE_STANDARD = "gnu++0x";
				CLANG_CXX_LIBRARY = "libc++";
				CLANG_ENABLE_MODULES = YES;
				CLANG_ENABLE_OBJC_ARC = YES;
				CLANG_WARN_BOOL_CONVERSION = YES;
				CLANG_WARN_CONSTANT_CONVERSION = YES;
				CLANG_WARN_DIRECT_OBJC_ISA_USAGE = YES_ERROR;
				CLANG_WARN_EMPTY_BODY = YES;
				CLANG_WARN_ENUM_CONVERSION = YES;
				CLANG_WARN_INT_CONVERSION = YES;
				CLANG_WARN_OBJC_ROOT_CLASS = YES_ERROR;
				CLANG_WARN_UNREACHABLE_CODE = YES;
				CLANG_WARN__DUPLICATE_METHOD_MATCH = YES;
				"CODE_SIGN_IDENTITY[sdk=iphoneos*]" = "iPhone Developer";
				COPY_PHASE_STRIP = NO;
				DEBUG_INFORMATION_FORMAT = "dwarf-with-dsym";
				ENABLE_NS_ASSERTIONS = NO;
				ENABLE_STRICT_OBJC_MSGSEND = YES;
				GCC_C_LANGUAGE_STANDARD = gnu99;
				GCC_NO_COMMON_BLOCKS = YES;
				GCC_WARN_64_TO_32_BIT_CONVERSION = YES;
				GCC_WARN_ABOUT_RETURN_TYPE = YES_ERROR;
				GCC_WARN_UNDECLARED_SELECTOR = YES;
				GCC_WARN_UNINITIALIZED_AUTOS = YES_AGGRESSIVE;
				GCC_WARN_UNUSED_FUNCTION = YES;
				GCC_WARN_UNUSED_VARIABLE = YES;
				IPHONEOS_DEPLOYMENT_TARGET = 9.3;
				MTL_ENABLE_DEBUG_INFO = NO;
				SDKROOT = iphoneos;
				VALIDATE_PRODUCT = YES;
			};
			name = Release;
		};
		B15A119F1D34CA6400067AB3 /* Debug */ = {
			isa = XCBuildConfiguration;
			buildSettings = {
				ASSETCATALOG_COMPILER_APPICON_NAME = AppIcon;
				ASSETCATALOG_COMPILER_LAUNCHIMAGE_NAME = LaunchImage;
				CODE_SIGN_IDENTITY = "iPhone Developer: Jie Peng Chen (73H3NLHHNN)";
				GCC_INCREASE_PRECOMPILED_HEADER_SHARING = YES;
				GCC_PREFIX_HEADER = "$(SRCROOT)/FriendsCircleTest/FriendsCirclePrefixHeader.pch";
				INFOPLIST_FILE = FriendsCircleTest/Info.plist;
				IPHONEOS_DEPLOYMENT_TARGET = 7.0;
				LD_RUNPATH_SEARCH_PATHS = "$(inherited) @executable_path/Frameworks";
				PRODUCT_BUNDLE_IDENTIFIER = com.yum.JPush;
				PRODUCT_NAME = "$(TARGET_NAME)";
				PROVISIONING_PROFILE = "c69245c1-8d5b-479f-abb3-1f5d74f65e00";
			};
			name = Debug;
		};
		B15A11A01D34CA6400067AB3 /* Release */ = {
			isa = XCBuildConfiguration;
			buildSettings = {
				ASSETCATALOG_COMPILER_APPICON_NAME = AppIcon;
				ASSETCATALOG_COMPILER_LAUNCHIMAGE_NAME = LaunchImage;
				CODE_SIGN_IDENTITY = "iPhone Developer: Jie Peng Chen (73H3NLHHNN)";
				GCC_INCREASE_PRECOMPILED_HEADER_SHARING = YES;
				GCC_PREFIX_HEADER = "$(SRCROOT)/FriendsCircleTest/FriendsCirclePrefixHeader.pch";
				INFOPLIST_FILE = FriendsCircleTest/Info.plist;
				IPHONEOS_DEPLOYMENT_TARGET = 7.0;
				LD_RUNPATH_SEARCH_PATHS = "$(inherited) @executable_path/Frameworks";
				PRODUCT_BUNDLE_IDENTIFIER = com.yum.JPush;
				PRODUCT_NAME = "$(TARGET_NAME)";
				PROVISIONING_PROFILE = "c69245c1-8d5b-479f-abb3-1f5d74f65e00";
			};
			name = Release;
		};
		B15A11A21D34CA6400067AB3 /* Debug */ = {
			isa = XCBuildConfiguration;
			buildSettings = {
				BUNDLE_LOADER = "$(TEST_HOST)";
				INFOPLIST_FILE = FriendsCircleTestTests/Info.plist;
				LD_RUNPATH_SEARCH_PATHS = "$(inherited) @executable_path/Frameworks @loader_path/Frameworks";
				PRODUCT_BUNDLE_IDENTIFIER = com.hoperun.FriendsCircleTestTests;
				PRODUCT_NAME = "$(TARGET_NAME)";
				TEST_HOST = "$(BUILT_PRODUCTS_DIR)/FriendsCircleTest.app/FriendsCircleTest";
			};
			name = Debug;
		};
		B15A11A31D34CA6400067AB3 /* Release */ = {
			isa = XCBuildConfiguration;
			buildSettings = {
				BUNDLE_LOADER = "$(TEST_HOST)";
				INFOPLIST_FILE = FriendsCircleTestTests/Info.plist;
				LD_RUNPATH_SEARCH_PATHS = "$(inherited) @executable_path/Frameworks @loader_path/Frameworks";
				PRODUCT_BUNDLE_IDENTIFIER = com.hoperun.FriendsCircleTestTests;
				PRODUCT_NAME = "$(TARGET_NAME)";
				TEST_HOST = "$(BUILT_PRODUCTS_DIR)/FriendsCircleTest.app/FriendsCircleTest";
			};
			name = Release;
		};
/* End XCBuildConfiguration section */

/* Begin XCConfigurationList section */
		B15A11771D34CA6400067AB3 /* Build configuration list for PBXProject "FriendsCircleTest" */ = {
			isa = XCConfigurationList;
			buildConfigurations = (
				B15A119C1D34CA6400067AB3 /* Debug */,
				B15A119D1D34CA6400067AB3 /* Release */,
			);
			defaultConfigurationIsVisible = 0;
			defaultConfigurationName = Release;
		};
		B15A119E1D34CA6400067AB3 /* Build configuration list for PBXNativeTarget "FriendsCircleTest" */ = {
			isa = XCConfigurationList;
			buildConfigurations = (
				B15A119F1D34CA6400067AB3 /* Debug */,
				B15A11A01D34CA6400067AB3 /* Release */,
			);
			defaultConfigurationIsVisible = 0;
			defaultConfigurationName = Release;
		};
		B15A11A11D34CA6400067AB3 /* Build configuration list for PBXNativeTarget "FriendsCircleTestTests" */ = {
			isa = XCConfigurationList;
			buildConfigurations = (
				B15A11A21D34CA6400067AB3 /* Debug */,
				B15A11A31D34CA6400067AB3 /* Release */,
			);
			defaultConfigurationIsVisible = 0;
			defaultConfigurationName = Release;
		};
/* End XCConfigurationList section */
	};
	rootObject = B15A11741D34CA6400067AB3 /* Project object */;
}
